// !$*UTF8*$!
{
	archiveVersion = 1;
	classes = {
	};
	objectVersion = 46;
	objects = {

/* Begin PBXBuildFile section */
		7F8665661DCD2E4400702AF6 /* AppDelegate.swift in Sources */ = {isa = PBXBuildFile; fileRef = 7F8665651DCD2E4400702AF6 /* AppDelegate.swift */; };
		7F86656B1DCD2E4400702AF6 /* Main.storyboard in Resources */ = {isa = PBXBuildFile; fileRef = 7F8665691DCD2E4400702AF6 /* Main.storyboard */; };
		7F86656D1DCD2E4400702AF6 /* Assets.xcassets in Resources */ = {isa = PBXBuildFile; fileRef = 7F86656C1DCD2E4400702AF6 /* Assets.xcassets */; };
		7F8665701DCD2E4400702AF6 /* LaunchScreen.storyboard in Resources */ = {isa = PBXBuildFile; fileRef = 7F86656E1DCD2E4400702AF6 /* LaunchScreen.storyboard */; };
		7F86657B1DCD2E4400702AF6 /* SkynetReceiptPrototypeTests.swift in Sources */ = {isa = PBXBuildFile; fileRef = 7F86657A1DCD2E4400702AF6 /* SkynetReceiptPrototypeTests.swift */; };
		7F8665861DCD2E4400702AF6 /* SkynetReceiptPrototypeUITests.swift in Sources */ = {isa = PBXBuildFile; fileRef = 7F8665851DCD2E4400702AF6 /* SkynetReceiptPrototypeUITests.swift */; };
		7F86659E1DCD2E8400702AF6 /* libZSDK_API.a in Frameworks */ = {isa = PBXBuildFile; fileRef = 7F8665931DCD2E8400702AF6 /* libZSDK_API.a */; };
		7F8665A81DCD2EAE00702AF6 /* PrinterManager.swift in Sources */ = {isa = PBXBuildFile; fileRef = 7F8665A31DCD2EAE00702AF6 /* PrinterManager.swift */; };
		7F8665A91DCD2EAE00702AF6 /* ZPLHelper.swift in Sources */ = {isa = PBXBuildFile; fileRef = 7F8665A41DCD2EAE00702AF6 /* ZPLHelper.swift */; };
		7F8665AC1DCD2EAE00702AF6 /* YPDrawSignatureView.swift in Sources */ = {isa = PBXBuildFile; fileRef = 7F8665A71DCD2EAE00702AF6 /* YPDrawSignatureView.swift */; };
		7F8665B21DCD2ED400702AF6 /* UserData.swift in Sources */ = {isa = PBXBuildFile; fileRef = 7F8665AD1DCD2ED400702AF6 /* UserData.swift */; };
		7F8665B31DCD2ED400702AF6 /* RouteObject.swift in Sources */ = {isa = PBXBuildFile; fileRef = 7F8665AE1DCD2ED400702AF6 /* RouteObject.swift */; };
		7F8665B41DCD2ED400702AF6 /* InventoryMGMT.swift in Sources */ = {isa = PBXBuildFile; fileRef = 7F8665AF1DCD2ED400702AF6 /* InventoryMGMT.swift */; };
		7F8665B51DCD2ED400702AF6 /* RetailerObject.swift in Sources */ = {isa = PBXBuildFile; fileRef = 7F8665B01DCD2ED400702AF6 /* RetailerObject.swift */; };
		7F8665B61DCD2ED400702AF6 /* BrandObject.swift in Sources */ = {isa = PBXBuildFile; fileRef = 7F8665B11DCD2ED400702AF6 /* BrandObject.swift */; };
		7F8665B81DCD2EDF00702AF6 /* Extensions.swift in Sources */ = {isa = PBXBuildFile; fileRef = 7F8665B71DCD2EDF00702AF6 /* Extensions.swift */; };
		7F8665BA1DCD2F2800702AF6 /* SignatureView.swift in Sources */ = {isa = PBXBuildFile; fileRef = 7F8665B91DCD2F2800702AF6 /* SignatureView.swift */; };
		7F8665BC1DCD2FA500702AF6 /* PrototypeRetailer.swift in Sources */ = {isa = PBXBuildFile; fileRef = 7F8665BB1DCD2FA500702AF6 /* PrototypeRetailer.swift */; };
		7FE1357D1DCD4A7A00E43B2F /* ExternalAccessory.framework in Frameworks */ = {isa = PBXBuildFile; fileRef = 7FE1357C1DCD4A7A00E43B2F /* ExternalAccessory.framework */; };
		7FE1357E1DCD4DC000E43B2F /* libZSDK_API.a in Frameworks */ = {isa = PBXBuildFile; fileRef = 7F8665931DCD2E8400702AF6 /* libZSDK_API.a */; };
		7FE1357F1DCD4DC100E43B2F /* libZSDK_API.a in Frameworks */ = {isa = PBXBuildFile; fileRef = 7F8665931DCD2E8400702AF6 /* libZSDK_API.a */; };
		7FE135801DCD4DD500E43B2F /* PrinterManager.swift in Sources */ = {isa = PBXBuildFile; fileRef = 7F8665A31DCD2EAE00702AF6 /* PrinterManager.swift */; };
		7FE135811DCD4DD500E43B2F /* ZPLHelper.swift in Sources */ = {isa = PBXBuildFile; fileRef = 7F8665A41DCD2EAE00702AF6 /* ZPLHelper.swift */; };
		7FE135821DCD4DD500E43B2F /* YPDrawSignatureView.swift in Sources */ = {isa = PBXBuildFile; fileRef = 7F8665A71DCD2EAE00702AF6 /* YPDrawSignatureView.swift */; };
		7FE135831DCD4DD500E43B2F /* PrinterManager.swift in Sources */ = {isa = PBXBuildFile; fileRef = 7F8665A31DCD2EAE00702AF6 /* PrinterManager.swift */; };
		7FE135841DCD4DD500E43B2F /* ZPLHelper.swift in Sources */ = {isa = PBXBuildFile; fileRef = 7F8665A41DCD2EAE00702AF6 /* ZPLHelper.swift */; };
		7FE135851DCD4DD500E43B2F /* YPDrawSignatureView.swift in Sources */ = {isa = PBXBuildFile; fileRef = 7F8665A71DCD2EAE00702AF6 /* YPDrawSignatureView.swift */; };
		7FE135861DCD4DDA00E43B2F /* SignatureView.swift in Sources */ = {isa = PBXBuildFile; fileRef = 7F8665B91DCD2F2800702AF6 /* SignatureView.swift */; };
		7FE135871DCD4DDA00E43B2F /* AppDelegate.swift in Sources */ = {isa = PBXBuildFile; fileRef = 7F8665651DCD2E4400702AF6 /* AppDelegate.swift */; };
		7FE135881DCD4DDB00E43B2F /* SignatureView.swift in Sources */ = {isa = PBXBuildFile; fileRef = 7F8665B91DCD2F2800702AF6 /* SignatureView.swift */; };
		7FE135891DCD4DDB00E43B2F /* AppDelegate.swift in Sources */ = {isa = PBXBuildFile; fileRef = 7F8665651DCD2E4400702AF6 /* AppDelegate.swift */; };
		7FE1358A1DCD4DE100E43B2F /* UserData.swift in Sources */ = {isa = PBXBuildFile; fileRef = 7F8665AD1DCD2ED400702AF6 /* UserData.swift */; };
		7FE1358B1DCD4DE100E43B2F /* RouteObject.swift in Sources */ = {isa = PBXBuildFile; fileRef = 7F8665AE1DCD2ED400702AF6 /* RouteObject.swift */; };
		7FE1358C1DCD4DE100E43B2F /* InventoryMGMT.swift in Sources */ = {isa = PBXBuildFile; fileRef = 7F8665AF1DCD2ED400702AF6 /* InventoryMGMT.swift */; };
		7FE1358D1DCD4DE100E43B2F /* RetailerObject.swift in Sources */ = {isa = PBXBuildFile; fileRef = 7F8665B01DCD2ED400702AF6 /* RetailerObject.swift */; };
		7FE1358E1DCD4DE100E43B2F /* BrandObject.swift in Sources */ = {isa = PBXBuildFile; fileRef = 7F8665B11DCD2ED400702AF6 /* BrandObject.swift */; };
		7FE1358F1DCD4DE100E43B2F /* Extensions.swift in Sources */ = {isa = PBXBuildFile; fileRef = 7F8665B71DCD2EDF00702AF6 /* Extensions.swift */; };
		7FE135901DCD4DE100E43B2F /* PrototypeRetailer.swift in Sources */ = {isa = PBXBuildFile; fileRef = 7F8665BB1DCD2FA500702AF6 /* PrototypeRetailer.swift */; };
		7FE135911DCD4DE200E43B2F /* UserData.swift in Sources */ = {isa = PBXBuildFile; fileRef = 7F8665AD1DCD2ED400702AF6 /* UserData.swift */; };
		7FE135921DCD4DE200E43B2F /* RouteObject.swift in Sources */ = {isa = PBXBuildFile; fileRef = 7F8665AE1DCD2ED400702AF6 /* RouteObject.swift */; };
		7FE135931DCD4DE200E43B2F /* InventoryMGMT.swift in Sources */ = {isa = PBXBuildFile; fileRef = 7F8665AF1DCD2ED400702AF6 /* InventoryMGMT.swift */; };
		7FE135941DCD4DE200E43B2F /* RetailerObject.swift in Sources */ = {isa = PBXBuildFile; fileRef = 7F8665B01DCD2ED400702AF6 /* RetailerObject.swift */; };
		7FE135951DCD4DE200E43B2F /* BrandObject.swift in Sources */ = {isa = PBXBuildFile; fileRef = 7F8665B11DCD2ED400702AF6 /* BrandObject.swift */; };
		7FE135961DCD4DE200E43B2F /* Extensions.swift in Sources */ = {isa = PBXBuildFile; fileRef = 7F8665B71DCD2EDF00702AF6 /* Extensions.swift */; };
		7FE135971DCD4DE200E43B2F /* PrototypeRetailer.swift in Sources */ = {isa = PBXBuildFile; fileRef = 7F8665BB1DCD2FA500702AF6 /* PrototypeRetailer.swift */; };
/* End PBXBuildFile section */

/* Begin PBXContainerItemProxy section */
		7F8665771DCD2E4400702AF6 /* PBXContainerItemProxy */ = {
			isa = PBXContainerItemProxy;
			containerPortal = 7F86655A1DCD2E4400702AF6 /* Project object */;
			proxyType = 1;
			remoteGlobalIDString = 7F8665611DCD2E4400702AF6;
			remoteInfo = SkynetReceiptPrototype;
		};
		7F8665821DCD2E4400702AF6 /* PBXContainerItemProxy */ = {
			isa = PBXContainerItemProxy;
			containerPortal = 7F86655A1DCD2E4400702AF6 /* Project object */;
			proxyType = 1;
			remoteGlobalIDString = 7F8665611DCD2E4400702AF6;
			remoteInfo = SkynetReceiptPrototype;
		};
/* End PBXContainerItemProxy section */

/* Begin PBXFileReference section */
		7F8665621DCD2E4400702AF6 /* SkynetReceiptPrototype.app */ = {isa = PBXFileReference; explicitFileType = wrapper.application; includeInIndex = 0; path = SkynetReceiptPrototype.app; sourceTree = BUILT_PRODUCTS_DIR; };
		7F8665651DCD2E4400702AF6 /* AppDelegate.swift */ = {isa = PBXFileReference; lastKnownFileType = sourcecode.swift; path = AppDelegate.swift; sourceTree = "<group>"; };
		7F86656A1DCD2E4400702AF6 /* Base */ = {isa = PBXFileReference; lastKnownFileType = file.storyboard; name = Base; path = Base.lproj/Main.storyboard; sourceTree = "<group>"; };
		7F86656C1DCD2E4400702AF6 /* Assets.xcassets */ = {isa = PBXFileReference; lastKnownFileType = folder.assetcatalog; path = Assets.xcassets; sourceTree = "<group>"; };
		7F86656F1DCD2E4400702AF6 /* Base */ = {isa = PBXFileReference; lastKnownFileType = file.storyboard; name = Base; path = Base.lproj/LaunchScreen.storyboard; sourceTree = "<group>"; };
		7F8665711DCD2E4400702AF6 /* Info.plist */ = {isa = PBXFileReference; lastKnownFileType = text.plist.xml; path = Info.plist; sourceTree = "<group>"; };
		7F8665761DCD2E4400702AF6 /* SkynetReceiptPrototypeTests.xctest */ = {isa = PBXFileReference; explicitFileType = wrapper.cfbundle; includeInIndex = 0; path = SkynetReceiptPrototypeTests.xctest; sourceTree = BUILT_PRODUCTS_DIR; };
		7F86657A1DCD2E4400702AF6 /* SkynetReceiptPrototypeTests.swift */ = {isa = PBXFileReference; lastKnownFileType = sourcecode.swift; path = SkynetReceiptPrototypeTests.swift; sourceTree = "<group>"; };
		7F86657C1DCD2E4400702AF6 /* Info.plist */ = {isa = PBXFileReference; lastKnownFileType = text.plist.xml; path = Info.plist; sourceTree = "<group>"; };
		7F8665811DCD2E4400702AF6 /* SkynetReceiptPrototypeUITests.xctest */ = {isa = PBXFileReference; explicitFileType = wrapper.cfbundle; includeInIndex = 0; path = SkynetReceiptPrototypeUITests.xctest; sourceTree = BUILT_PRODUCTS_DIR; };
		7F8665851DCD2E4400702AF6 /* SkynetReceiptPrototypeUITests.swift */ = {isa = PBXFileReference; lastKnownFileType = sourcecode.swift; path = SkynetReceiptPrototypeUITests.swift; sourceTree = "<group>"; };
		7F8665871DCD2E4400702AF6 /* Info.plist */ = {isa = PBXFileReference; lastKnownFileType = text.plist.xml; path = Info.plist; sourceTree = "<group>"; };
		7F8665931DCD2E8400702AF6 /* libZSDK_API.a */ = {isa = PBXFileReference; lastKnownFileType = archive.ar; path = libZSDK_API.a; sourceTree = "<group>"; };
		7F8665941DCD2E8400702AF6 /* SkynetMk4a-Bridging-Header.h */ = {isa = PBXFileReference; fileEncoding = 4; lastKnownFileType = sourcecode.c.h; path = "SkynetMk4a-Bridging-Header.h"; sourceTree = "<group>"; };
		7F8665A31DCD2EAE00702AF6 /* PrinterManager.swift */ = {isa = PBXFileReference; fileEncoding = 4; lastKnownFileType = sourcecode.swift; path = PrinterManager.swift; sourceTree = "<group>"; };
		7F8665A41DCD2EAE00702AF6 /* ZPLHelper.swift */ = {isa = PBXFileReference; fileEncoding = 4; lastKnownFileType = sourcecode.swift; path = ZPLHelper.swift; sourceTree = "<group>"; };
		7F8665A71DCD2EAE00702AF6 /* YPDrawSignatureView.swift */ = {isa = PBXFileReference; fileEncoding = 4; lastKnownFileType = sourcecode.swift; path = YPDrawSignatureView.swift; sourceTree = "<group>"; };
		7F8665AD1DCD2ED400702AF6 /* UserData.swift */ = {isa = PBXFileReference; fileEncoding = 4; lastKnownFileType = sourcecode.swift; path = UserData.swift; sourceTree = "<group>"; };
		7F8665AE1DCD2ED400702AF6 /* RouteObject.swift */ = {isa = PBXFileReference; fileEncoding = 4; lastKnownFileType = sourcecode.swift; path = RouteObject.swift; sourceTree = "<group>"; };
		7F8665AF1DCD2ED400702AF6 /* InventoryMGMT.swift */ = {isa = PBXFileReference; fileEncoding = 4; lastKnownFileType = sourcecode.swift; path = InventoryMGMT.swift; sourceTree = "<group>"; };
		7F8665B01DCD2ED400702AF6 /* RetailerObject.swift */ = {isa = PBXFileReference; fileEncoding = 4; lastKnownFileType = sourcecode.swift; path = RetailerObject.swift; sourceTree = "<group>"; };
		7F8665B11DCD2ED400702AF6 /* BrandObject.swift */ = {isa = PBXFileReference; fileEncoding = 4; lastKnownFileType = sourcecode.swift; path = BrandObject.swift; sourceTree = "<group>"; };
		7F8665B71DCD2EDF00702AF6 /* Extensions.swift */ = {isa = PBXFileReference; fileEncoding = 4; lastKnownFileType = sourcecode.swift; path = Extensions.swift; sourceTree = "<group>"; };
		7F8665B91DCD2F2800702AF6 /* SignatureView.swift */ = {isa = PBXFileReference; fileEncoding = 4; lastKnownFileType = sourcecode.swift; path = SignatureView.swift; sourceTree = "<group>"; };
		7F8665BB1DCD2FA500702AF6 /* PrototypeRetailer.swift */ = {isa = PBXFileReference; fileEncoding = 4; lastKnownFileType = sourcecode.swift; path = PrototypeRetailer.swift; sourceTree = "<group>"; };
		7FE1357C1DCD4A7A00E43B2F /* ExternalAccessory.framework */ = {isa = PBXFileReference; lastKnownFileType = wrapper.framework; name = ExternalAccessory.framework; path = System/Library/Frameworks/ExternalAccessory.framework; sourceTree = SDKROOT; };
		7FE135B01DCD59A700E43B2F /* SkynetReceiptPrototype.entitlements */ = {isa = PBXFileReference; lastKnownFileType = text.plist.entitlements; path = SkynetReceiptPrototype.entitlements; sourceTree = "<group>"; };
/* End PBXFileReference section */

/* Begin PBXFrameworksBuildPhase section */
		7F86655F1DCD2E4400702AF6 /* Frameworks */ = {
			isa = PBXFrameworksBuildPhase;
			buildActionMask = 2147483647;
			files = (
				7FE1357D1DCD4A7A00E43B2F /* ExternalAccessory.framework in Frameworks */,
				7F86659E1DCD2E8400702AF6 /* libZSDK_API.a in Frameworks */,
			);
			runOnlyForDeploymentPostprocessing = 0;
		};
		7F8665731DCD2E4400702AF6 /* Frameworks */ = {
			isa = PBXFrameworksBuildPhase;
			buildActionMask = 2147483647;
			files = (
				7FE1357E1DCD4DC000E43B2F /* libZSDK_API.a in Frameworks */,
			);
			runOnlyForDeploymentPostprocessing = 0;
		};
		7F86657E1DCD2E4400702AF6 /* Frameworks */ = {
			isa = PBXFrameworksBuildPhase;
			buildActionMask = 2147483647;
			files = (
				7FE1357F1DCD4DC100E43B2F /* libZSDK_API.a in Frameworks */,
			);
			runOnlyForDeploymentPostprocessing = 0;
		};
/* End PBXFrameworksBuildPhase section */

/* Begin PBXGroup section */
		7F8665591DCD2E4400702AF6 = {
			isa = PBXGroup;
			children = (
				7F8665931DCD2E8400702AF6 /* libZSDK_API.a */,
				7F8665941DCD2E8400702AF6 /* SkynetMk4a-Bridging-Header.h */,
				7F8665641DCD2E4400702AF6 /* SkynetReceiptPrototype */,
				7F8665791DCD2E4400702AF6 /* SkynetReceiptPrototypeTests */,
				7F8665841DCD2E4400702AF6 /* SkynetReceiptPrototypeUITests */,
				7F8665631DCD2E4400702AF6 /* Products */,
				7FE1357B1DCD4A7900E43B2F /* Frameworks */,
			);
			sourceTree = "<group>";
		};
		7F8665631DCD2E4400702AF6 /* Products */ = {
			isa = PBXGroup;
			children = (
				7F8665621DCD2E4400702AF6 /* SkynetReceiptPrototype.app */,
				7F8665761DCD2E4400702AF6 /* SkynetReceiptPrototypeTests.xctest */,
				7F8665811DCD2E4400702AF6 /* SkynetReceiptPrototypeUITests.xctest */,
			);
			name = Products;
			sourceTree = "<group>";
		};
		7F8665641DCD2E4400702AF6 /* SkynetReceiptPrototype */ = {
			isa = PBXGroup;
			children = (
				7FE135B01DCD59A700E43B2F /* SkynetReceiptPrototype.entitlements */,
				7FE135791DCD49D500E43B2F /* Logic */,
				7FE1357A1DCD49DC00E43B2F /* Implementation */,
				7FE135781DCD490200E43B2F /* Data Structures */,
				7F8665BB1DCD2FA500702AF6 /* PrototypeRetailer.swift */,
				7F8665691DCD2E4400702AF6 /* Main.storyboard */,
				7F86656C1DCD2E4400702AF6 /* Assets.xcassets */,
				7F86656E1DCD2E4400702AF6 /* LaunchScreen.storyboard */,
				7F8665711DCD2E4400702AF6 /* Info.plist */,
			);
			path = SkynetReceiptPrototype;
			sourceTree = "<group>";
		};
		7F8665791DCD2E4400702AF6 /* SkynetReceiptPrototypeTests */ = {
			isa = PBXGroup;
			children = (
				7F86657A1DCD2E4400702AF6 /* SkynetReceiptPrototypeTests.swift */,
				7F86657C1DCD2E4400702AF6 /* Info.plist */,
			);
			path = SkynetReceiptPrototypeTests;
			sourceTree = "<group>";
		};
		7F8665841DCD2E4400702AF6 /* SkynetReceiptPrototypeUITests */ = {
			isa = PBXGroup;
			children = (
				7F8665851DCD2E4400702AF6 /* SkynetReceiptPrototypeUITests.swift */,
				7F8665871DCD2E4400702AF6 /* Info.plist */,
			);
			path = SkynetReceiptPrototypeUITests;
			sourceTree = "<group>";
		};
		7FE135781DCD490200E43B2F /* Data Structures */ = {
			isa = PBXGroup;
			children = (
				7F8665AD1DCD2ED400702AF6 /* UserData.swift */,
				7F8665AE1DCD2ED400702AF6 /* RouteObject.swift */,
				7F8665AF1DCD2ED400702AF6 /* InventoryMGMT.swift */,
				7F8665B01DCD2ED400702AF6 /* RetailerObject.swift */,
				7F8665B11DCD2ED400702AF6 /* BrandObject.swift */,
				7F8665B71DCD2EDF00702AF6 /* Extensions.swift */,
			);
			name = "Data Structures";
			sourceTree = "<group>";
		};
		7FE135791DCD49D500E43B2F /* Logic */ = {
			isa = PBXGroup;
			children = (
				7F8665A31DCD2EAE00702AF6 /* PrinterManager.swift */,
				7F8665A41DCD2EAE00702AF6 /* ZPLHelper.swift */,
				7F8665A71DCD2EAE00702AF6 /* YPDrawSignatureView.swift */,
			);
			name = Logic;
			sourceTree = "<group>";
		};
		7FE1357A1DCD49DC00E43B2F /* Implementation */ = {
			isa = PBXGroup;
			children = (
				7F8665B91DCD2F2800702AF6 /* SignatureView.swift */,
				7F8665651DCD2E4400702AF6 /* AppDelegate.swift */,
			);
			name = Implementation;
			sourceTree = "<group>";
		};
		7FE1357B1DCD4A7900E43B2F /* Frameworks */ = {
			isa = PBXGroup;
			children = (
				7FE1357C1DCD4A7A00E43B2F /* ExternalAccessory.framework */,
			);
			name = Frameworks;
			sourceTree = "<group>";
		};
/* End PBXGroup section */

/* Begin PBXNativeTarget section */
		7F8665611DCD2E4400702AF6 /* SkynetReceiptPrototype */ = {
			isa = PBXNativeTarget;
			buildConfigurationList = 7F86658A1DCD2E4400702AF6 /* Build configuration list for PBXNativeTarget "SkynetReceiptPrototype" */;
			buildPhases = (
				7F86655E1DCD2E4400702AF6 /* Sources */,
				7F86655F1DCD2E4400702AF6 /* Frameworks */,
				7F8665601DCD2E4400702AF6 /* Resources */,
			);
			buildRules = (
			);
			dependencies = (
			);
			name = SkynetReceiptPrototype;
			productName = SkynetReceiptPrototype;
			productReference = 7F8665621DCD2E4400702AF6 /* SkynetReceiptPrototype.app */;
			productType = "com.apple.product-type.application";
		};
		7F8665751DCD2E4400702AF6 /* SkynetReceiptPrototypeTests */ = {
			isa = PBXNativeTarget;
			buildConfigurationList = 7F86658D1DCD2E4400702AF6 /* Build configuration list for PBXNativeTarget "SkynetReceiptPrototypeTests" */;
			buildPhases = (
				7F8665721DCD2E4400702AF6 /* Sources */,
				7F8665731DCD2E4400702AF6 /* Frameworks */,
				7F8665741DCD2E4400702AF6 /* Resources */,
			);
			buildRules = (
			);
			dependencies = (
				7F8665781DCD2E4400702AF6 /* PBXTargetDependency */,
			);
			name = SkynetReceiptPrototypeTests;
			productName = SkynetReceiptPrototypeTests;
			productReference = 7F8665761DCD2E4400702AF6 /* SkynetReceiptPrototypeTests.xctest */;
			productType = "com.apple.product-type.bundle.unit-test";
		};
		7F8665801DCD2E4400702AF6 /* SkynetReceiptPrototypeUITests */ = {
			isa = PBXNativeTarget;
			buildConfigurationList = 7F8665901DCD2E4400702AF6 /* Build configuration list for PBXNativeTarget "SkynetReceiptPrototypeUITests" */;
			buildPhases = (
				7F86657D1DCD2E4400702AF6 /* Sources */,
				7F86657E1DCD2E4400702AF6 /* Frameworks */,
				7F86657F1DCD2E4400702AF6 /* Resources */,
			);
			buildRules = (
			);
			dependencies = (
				7F8665831DCD2E4400702AF6 /* PBXTargetDependency */,
			);
			name = SkynetReceiptPrototypeUITests;
			productName = SkynetReceiptPrototypeUITests;
			productReference = 7F8665811DCD2E4400702AF6 /* SkynetReceiptPrototypeUITests.xctest */;
			productType = "com.apple.product-type.bundle.ui-testing";
		};
/* End PBXNativeTarget section */

/* Begin PBXProject section */
		7F86655A1DCD2E4400702AF6 /* Project object */ = {
			isa = PBXProject;
			attributes = {
				LastSwiftUpdateCheck = 0810;
				LastUpgradeCheck = 0810;
				ORGANIZATIONNAME = LOBC;
				TargetAttributes = {
					7F8665611DCD2E4400702AF6 = {
						CreatedOnToolsVersion = 8.1;
						DevelopmentTeam = 7XYDSK628M;
						ProvisioningStyle = Automatic;
						SystemCapabilities = {
							com.apple.BackgroundModes = {
								enabled = 1;
							};
							com.apple.WAC = {
								enabled = 1;
							};
						};
					};
					7F8665751DCD2E4400702AF6 = {
						CreatedOnToolsVersion = 8.1;
						DevelopmentTeam = 7XYDSK628M;
						ProvisioningStyle = Automatic;
						TestTargetID = 7F8665611DCD2E4400702AF6;
					};
					7F8665801DCD2E4400702AF6 = {
						CreatedOnToolsVersion = 8.1;
						DevelopmentTeam = 7XYDSK628M;
						ProvisioningStyle = Automatic;
						TestTargetID = 7F8665611DCD2E4400702AF6;
					};
				};
			};
			buildConfigurationList = 7F86655D1DCD2E4400702AF6 /* Build configuration list for PBXProject "SkynetReceiptPrototype" */;
			compatibilityVersion = "Xcode 3.2";
			developmentRegion = English;
			hasScannedForEncodings = 0;
			knownRegions = (
				en,
				Base,
			);
			mainGroup = 7F8665591DCD2E4400702AF6;
			productRefGroup = 7F8665631DCD2E4400702AF6 /* Products */;
			projectDirPath = "";
			projectRoot = "";
			targets = (
				7F8665611DCD2E4400702AF6 /* SkynetReceiptPrototype */,
				7F8665751DCD2E4400702AF6 /* SkynetReceiptPrototypeTests */,
				7F8665801DCD2E4400702AF6 /* SkynetReceiptPrototypeUITests */,
			);
		};
/* End PBXProject section */

/* Begin PBXResourcesBuildPhase section */
		7F8665601DCD2E4400702AF6 /* Resources */ = {
			isa = PBXResourcesBuildPhase;
			buildActionMask = 2147483647;
			files = (
				7F8665701DCD2E4400702AF6 /* LaunchScreen.storyboard in Resources */,
				7F86656D1DCD2E4400702AF6 /* Assets.xcassets in Resources */,
				7F86656B1DCD2E4400702AF6 /* Main.storyboard in Resources */,
			);
			runOnlyForDeploymentPostprocessing = 0;
		};
		7F8665741DCD2E4400702AF6 /* Resources */ = {
			isa = PBXResourcesBuildPhase;
			buildActionMask = 2147483647;
			files = (
			);
			runOnlyForDeploymentPostprocessing = 0;
		};
		7F86657F1DCD2E4400702AF6 /* Resources */ = {
			isa = PBXResourcesBuildPhase;
			buildActionMask = 2147483647;
			files = (
			);
			runOnlyForDeploymentPostprocessing = 0;
		};
/* End PBXResourcesBuildPhase section */

/* Begin PBXSourcesBuildPhase section */
		7F86655E1DCD2E4400702AF6 /* Sources */ = {
			isa = PBXSourcesBuildPhase;
			buildActionMask = 2147483647;
			files = (
				7F8665BC1DCD2FA500702AF6 /* PrototypeRetailer.swift in Sources */,
				7F8665A81DCD2EAE00702AF6 /* PrinterManager.swift in Sources */,
				7F8665A91DCD2EAE00702AF6 /* ZPLHelper.swift in Sources */,
				7F8665B21DCD2ED400702AF6 /* UserData.swift in Sources */,
				7F8665AC1DCD2EAE00702AF6 /* YPDrawSignatureView.swift in Sources */,
				7F8665B41DCD2ED400702AF6 /* InventoryMGMT.swift in Sources */,
				7F8665B81DCD2EDF00702AF6 /* Extensions.swift in Sources */,
				7F8665B31DCD2ED400702AF6 /* RouteObject.swift in Sources */,
				7F8665B51DCD2ED400702AF6 /* RetailerObject.swift in Sources */,
				7F8665B61DCD2ED400702AF6 /* BrandObject.swift in Sources */,
				7F8665BA1DCD2F2800702AF6 /* SignatureView.swift in Sources */,
				7F8665661DCD2E4400702AF6 /* AppDelegate.swift in Sources */,
			);
			runOnlyForDeploymentPostprocessing = 0;
		};
		7F8665721DCD2E4400702AF6 /* Sources */ = {
			isa = PBXSourcesBuildPhase;
			buildActionMask = 2147483647;
			files = (
				7FE135871DCD4DDA00E43B2F /* AppDelegate.swift in Sources */,
				7FE135821DCD4DD500E43B2F /* YPDrawSignatureView.swift in Sources */,
				7FE1358C1DCD4DE100E43B2F /* InventoryMGMT.swift in Sources */,
				7FE1358B1DCD4DE100E43B2F /* RouteObject.swift in Sources */,
				7FE1358A1DCD4DE100E43B2F /* UserData.swift in Sources */,
				7FE135801DCD4DD500E43B2F /* PrinterManager.swift in Sources */,
				7FE135861DCD4DDA00E43B2F /* SignatureView.swift in Sources */,
				7FE1358F1DCD4DE100E43B2F /* Extensions.swift in Sources */,
				7FE1358E1DCD4DE100E43B2F /* BrandObject.swift in Sources */,
				7FE135901DCD4DE100E43B2F /* PrototypeRetailer.swift in Sources */,
				7F86657B1DCD2E4400702AF6 /* SkynetReceiptPrototypeTests.swift in Sources */,
				7FE1358D1DCD4DE100E43B2F /* RetailerObject.swift in Sources */,
				7FE135811DCD4DD500E43B2F /* ZPLHelper.swift in Sources */,
			);
			runOnlyForDeploymentPostprocessing = 0;
		};
		7F86657D1DCD2E4400702AF6 /* Sources */ = {
			isa = PBXSourcesBuildPhase;
			buildActionMask = 2147483647;
			files = (
				7FE135891DCD4DDB00E43B2F /* AppDelegate.swift in Sources */,
				7FE135851DCD4DD500E43B2F /* YPDrawSignatureView.swift in Sources */,
				7FE135931DCD4DE200E43B2F /* InventoryMGMT.swift in Sources */,
				7FE135921DCD4DE200E43B2F /* RouteObject.swift in Sources */,
				7FE135911DCD4DE200E43B2F /* UserData.swift in Sources */,
				7FE135831DCD4DD500E43B2F /* PrinterManager.swift in Sources */,
				7FE135881DCD4DDB00E43B2F /* SignatureView.swift in Sources */,
				7FE135961DCD4DE200E43B2F /* Extensions.swift in Sources */,
				7FE135951DCD4DE200E43B2F /* BrandObject.swift in Sources */,
				7FE135971DCD4DE200E43B2F /* PrototypeRetailer.swift in Sources */,
				7F8665861DCD2E4400702AF6 /* SkynetReceiptPrototypeUITests.swift in Sources */,
				7FE135941DCD4DE200E43B2F /* RetailerObject.swift in Sources */,
				7FE135841DCD4DD500E43B2F /* ZPLHelper.swift in Sources */,
			);
			runOnlyForDeploymentPostprocessing = 0;
		};
/* End PBXSourcesBuildPhase section */

/* Begin PBXTargetDependency section */
		7F8665781DCD2E4400702AF6 /* PBXTargetDependency */ = {
			isa = PBXTargetDependency;
			target = 7F8665611DCD2E4400702AF6 /* SkynetReceiptPrototype */;
			targetProxy = 7F8665771DCD2E4400702AF6 /* PBXContainerItemProxy */;
		};
		7F8665831DCD2E4400702AF6 /* PBXTargetDependency */ = {
			isa = PBXTargetDependency;
			target = 7F8665611DCD2E4400702AF6 /* SkynetReceiptPrototype */;
			targetProxy = 7F8665821DCD2E4400702AF6 /* PBXContainerItemProxy */;
		};
/* End PBXTargetDependency section */

/* Begin PBXVariantGroup section */
		7F8665691DCD2E4400702AF6 /* Main.storyboard */ = {
			isa = PBXVariantGroup;
			children = (
				7F86656A1DCD2E4400702AF6 /* Base */,
			);
			name = Main.storyboard;
			sourceTree = "<group>";
		};
		7F86656E1DCD2E4400702AF6 /* LaunchScreen.storyboard */ = {
			isa = PBXVariantGroup;
			children = (
				7F86656F1DCD2E4400702AF6 /* Base */,
			);
			name = LaunchScreen.storyboard;
			sourceTree = "<group>";
		};
/* End PBXVariantGroup section */

/* Begin XCBuildConfiguration section */
		7F8665881DCD2E4400702AF6 /* Debug */ = {
			isa = XCBuildConfiguration;
			buildSettings = {
				ALWAYS_SEARCH_USER_PATHS = NO;
				CLANG_ANALYZER_NONNULL = YES;
				CLANG_CXX_LANGUAGE_STANDARD = "gnu++0x";
				CLANG_CXX_LIBRARY = "libc++";
				CLANG_ENABLE_MODULES = YES;
				CLANG_ENABLE_OBJC_ARC = YES;
				CLANG_WARN_BOOL_CONVERSION = YES;
				CLANG_WARN_CONSTANT_CONVERSION = YES;
				CLANG_WARN_DIRECT_OBJC_ISA_USAGE = YES_ERROR;
				CLANG_WARN_DOCUMENTATION_COMMENTS = YES;
				CLANG_WARN_EMPTY_BODY = YES;
				CLANG_WARN_ENUM_CONVERSION = YES;
				CLANG_WARN_INFINITE_RECURSION = YES;
				CLANG_WARN_INT_CONVERSION = YES;
				CLANG_WARN_OBJC_ROOT_CLASS = YES_ERROR;
				CLANG_WARN_SUSPICIOUS_MOVES = YES;
				CLANG_WARN_UNREACHABLE_CODE = YES;
				CLANG_WARN__DUPLICATE_METHOD_MATCH = YES;
				"CODE_SIGN_IDENTITY[sdk=iphoneos*]" = "iPhone Developer";
				COPY_PHASE_STRIP = NO;
				DEBUG_INFORMATION_FORMAT = dwarf;
				ENABLE_STRICT_OBJC_MSGSEND = YES;
				ENABLE_TESTABILITY = YES;
				GCC_C_LANGUAGE_STANDARD = gnu99;
				GCC_DYNAMIC_NO_PIC = NO;
				GCC_NO_COMMON_BLOCKS = YES;
				GCC_OPTIMIZATION_LEVEL = 0;
				GCC_PREPROCESSOR_DEFINITIONS = (
					"DEBUG=1",
					"$(inherited)",
				);
				GCC_WARN_64_TO_32_BIT_CONVERSION = YES;
				GCC_WARN_ABOUT_RETURN_TYPE = YES_ERROR;
				GCC_WARN_UNDECLARED_SELECTOR = YES;
				GCC_WARN_UNINITIALIZED_AUTOS = YES_AGGRESSIVE;
				GCC_WARN_UNUSED_FUNCTION = YES;
				GCC_WARN_UNUSED_VARIABLE = YES;
				IPHONEOS_DEPLOYMENT_TARGET = 10.1;
				MTL_ENABLE_DEBUG_INFO = YES;
				ONLY_ACTIVE_ARCH = YES;
				SDKROOT = iphoneos;
				SWIFT_ACTIVE_COMPILATION_CONDITIONS = DEBUG;
				SWIFT_OBJC_BRIDGING_HEADER = "SkynetMK4a-Bridging-Header.h";
				SWIFT_OPTIMIZATION_LEVEL = "-Onone";
			};
			name = Debug;
		};
		7F8665891DCD2E4400702AF6 /* Release */ = {
			isa = XCBuildConfiguration;
			buildSettings = {
				ALWAYS_SEARCH_USER_PATHS = NO;
				CLANG_ANALYZER_NONNULL = YES;
				CLANG_CXX_LANGUAGE_STANDARD = "gnu++0x";
				CLANG_CXX_LIBRARY = "libc++";
				CLANG_ENABLE_MODULES = YES;
				CLANG_ENABLE_OBJC_ARC = YES;
				CLANG_WARN_BOOL_CONVERSION = YES;
				CLANG_WARN_CONSTANT_CONVERSION = YES;
				CLANG_WARN_DIRECT_OBJC_ISA_USAGE = YES_ERROR;
				CLANG_WARN_DOCUMENTATION_COMMENTS = YES;
				CLANG_WARN_EMPTY_BODY = YES;
				CLANG_WARN_ENUM_CONVERSION = YES;
				CLANG_WARN_INFINITE_RECURSION = YES;
				CLANG_WARN_INT_CONVERSION = YES;
				CLANG_WARN_OBJC_ROOT_CLASS = YES_ERROR;
				CLANG_WARN_SUSPICIOUS_MOVES = YES;
				CLANG_WARN_UNREACHABLE_CODE = YES;
				CLANG_WARN__DUPLICATE_METHOD_MATCH = YES;
				"CODE_SIGN_IDENTITY[sdk=iphoneos*]" = "iPhone Developer";
				COPY_PHASE_STRIP = NO;
				DEBUG_INFORMATION_FORMAT = "dwarf-with-dsym";
				ENABLE_NS_ASSERTIONS = NO;
				ENABLE_STRICT_OBJC_MSGSEND = YES;
				GCC_C_LANGUAGE_STANDARD = gnu99;
				GCC_NO_COMMON_BLOCKS = YES;
				GCC_WARN_64_TO_32_BIT_CONVERSION = YES;
				GCC_WARN_ABOUT_RETURN_TYPE = YES_ERROR;
				GCC_WARN_UNDECLARED_SELECTOR = YES;
				GCC_WARN_UNINITIALIZED_AUTOS = YES_AGGRESSIVE;
				GCC_WARN_UNUSED_FUNCTION = YES;
				GCC_WARN_UNUSED_VARIABLE = YES;
				IPHONEOS_DEPLOYMENT_TARGET = 10.1;
				MTL_ENABLE_DEBUG_INFO = NO;
				SDKROOT = iphoneos;
				SWIFT_OBJC_BRIDGING_HEADER = "SkynetMK4a-Bridging-Header.h";
				SWIFT_OPTIMIZATION_LEVEL = "-Owholemodule";
				VALIDATE_PRODUCT = YES;
			};
			name = Release;
		};
		7F86658B1DCD2E4400702AF6 /* Debug */ = {
			isa = XCBuildConfiguration;
			buildSettings = {
				ASSETCATALOG_COMPILER_APPICON_NAME = AppIcon;
				CODE_SIGN_ENTITLEMENTS = SkynetReceiptPrototype/SkynetReceiptPrototype.entitlements;
				DEVELOPMENT_TEAM = 7XYDSK628M;
				INFOPLIST_FILE = SkynetReceiptPrototype/Info.plist;
				LD_RUNPATH_SEARCH_PATHS = "$(inherited) @executable_path/Frameworks";
				LIBRARY_SEARCH_PATHS = (
					"$(inherited)",
					"$(PROJECT_DIR)",
				);
				PRODUCT_BUNDLE_IDENTIFIER = com.lobc.SkynetReceiptPrototype;
				PRODUCT_NAME = "$(TARGET_NAME)";
				SWIFT_VERSION = 3.0;
			};
			name = Debug;
		};
		7F86658C1DCD2E4400702AF6 /* Release */ = {
			isa = XCBuildConfiguration;
			buildSettings = {
				ASSETCATALOG_COMPILER_APPICON_NAME = AppIcon;
				CODE_SIGN_ENTITLEMENTS = SkynetReceiptPrototype/SkynetReceiptPrototype.entitlements;
				DEVELOPMENT_TEAM = 7XYDSK628M;
				INFOPLIST_FILE = SkynetReceiptPrototype/Info.plist;
				LD_RUNPATH_SEARCH_PATHS = "$(inherited) @executable_path/Frameworks";
				LIBRARY_SEARCH_PATHS = (
					"$(inherited)",
					"$(PROJECT_DIR)",
				);
				PRODUCT_BUNDLE_IDENTIFIER = com.lobc.SkynetReceiptPrototype;
				PRODUCT_NAME = "$(TARGET_NAME)";
				SWIFT_VERSION = 3.0;
			};
			name = Release;
		};
		7F86658E1DCD2E4400702AF6 /* Debug */ = {
			isa = XCBuildConfiguration;
			buildSettings = {
				ALWAYS_EMBED_SWIFT_STANDARD_LIBRARIES = YES;
				BUNDLE_LOADER = "$(TEST_HOST)";
				DEVELOPMENT_TEAM = 7XYDSK628M;
				INFOPLIST_FILE = SkynetReceiptPrototypeTests/Info.plist;
				LD_RUNPATH_SEARCH_PATHS = "$(inherited) @executable_path/Frameworks @loader_path/Frameworks";
				LIBRARY_SEARCH_PATHS = (
					"$(inherited)",
					"$(PROJECT_DIR)",
				);
				PRODUCT_BUNDLE_IDENTIFIER = com.lobc.SkynetReceiptPrototypeTests;
				PRODUCT_NAME = "$(TARGET_NAME)";
				SWIFT_VERSION = 3.0;
				TEST_HOST = "$(BUILT_PRODUCTS_DIR)/SkynetReceiptPrototype.app/SkynetReceiptPrototype";
			};
			name = Debug;
		};
		7F86658F1DCD2E4400702AF6 /* Release */ = {
			isa = XCBuildConfiguration;
			buildSettings = {
				ALWAYS_EMBED_SWIFT_STANDARD_LIBRARIES = YES;
				BUNDLE_LOADER = "$(TEST_HOST)";
				DEVELOPMENT_TEAM = 7XYDSK628M;
				INFOPLIST_FILE = SkynetReceiptPrototypeTests/Info.plist;
				LD_RUNPATH_SEARCH_PATHS = "$(inherited) @executable_path/Frameworks @loader_path/Frameworks";
				LIBRARY_SEARCH_PATHS = (
					"$(inherited)",
					"$(PROJECT_DIR)",
				);
				PRODUCT_BUNDLE_IDENTIFIER = com.lobc.SkynetReceiptPrototypeTests;
				PRODUCT_NAME = "$(TARGET_NAME)";
				SWIFT_VERSION = 3.0;
				TEST_HOST = "$(BUILT_PRODUCTS_DIR)/SkynetReceiptPrototype.app/SkynetReceiptPrototype";
			};
			name = Release;
		};
		7F8665911DCD2E4400702AF6 /* Debug */ = {
			isa = XCBuildConfiguration;
			buildSettings = {
				ALWAYS_EMBED_SWIFT_STANDARD_LIBRARIES = YES;
				DEVELOPMENT_TEAM = 7XYDSK628M;
				INFOPLIST_FILE = SkynetReceiptPrototypeUITests/Info.plist;
				LD_RUNPATH_SEARCH_PATHS = "$(inherited) @executable_path/Frameworks @loader_path/Frameworks";
				LIBRARY_SEARCH_PATHS = (
					"$(inherited)",
					"$(PROJECT_DIR)",
				);
				PRODUCT_BUNDLE_IDENTIFIER = com.lobc.SkynetReceiptPrototypeUITests;
				PRODUCT_NAME = "$(TARGET_NAME)";
				SWIFT_VERSION = 3.0;
				TEST_TARGET_NAME = SkynetReceiptPrototype;
			};
			name = Debug;
		};
		7F8665921DCD2E4400702AF6 /* Release */ = {
			isa = XCBuildConfiguration;
			buildSettings = {
				ALWAYS_EMBED_SWIFT_STANDARD_LIBRARIES = YES;
				DEVELOPMENT_TEAM = 7XYDSK628M;
				INFOPLIST_FILE = SkynetReceiptPrototypeUITests/Info.plist;
				LD_RUNPATH_SEARCH_PATHS = "$(inherited) @executable_path/Frameworks @loader_path/Frameworks";
				LIBRARY_SEARCH_PATHS = (
					"$(inherited)",
					"$(PROJECT_DIR)",
				);
				PRODUCT_BUNDLE_IDENTIFIER = com.lobc.SkynetReceiptPrototypeUITests;
				PRODUCT_NAME = "$(TARGET_NAME)";
				SWIFT_VERSION = 3.0;
				TEST_TARGET_NAME = SkynetReceiptPrototype;
			};
			name = Release;
		};
/* End XCBuildConfiguration section */

/* Begin XCConfigurationList section */
		7F86655D1DCD2E4400702AF6 /* Build configuration list for PBXProject "SkynetReceiptPrototype" */ = {
			isa = XCConfigurationList;
			buildConfigurations = (
				7F8665881DCD2E4400702AF6 /* Debug */,
				7F8665891DCD2E4400702AF6 /* Release */,
			);
			defaultConfigurationIsVisible = 0;
			defaultConfigurationName = Release;
		};
		7F86658A1DCD2E4400702AF6 /* Build configuration list for PBXNativeTarget "SkynetReceiptPrototype" */ = {
			isa = XCConfigurationList;
			buildConfigurations = (
				7F86658B1DCD2E4400702AF6 /* Debug */,
				7F86658C1DCD2E4400702AF6 /* Release */,
			);
			defaultConfigurationIsVisible = 0;
			defaultConfigurationName = Release;
		};
		7F86658D1DCD2E4400702AF6 /* Build configuration list for PBXNativeTarget "SkynetReceiptPrototypeTests" */ = {
			isa = XCConfigurationList;
			buildConfigurations = (
				7F86658E1DCD2E4400702AF6 /* Debug */,
				7F86658F1DCD2E4400702AF6 /* Release */,
			);
			defaultConfigurationIsVisible = 0;
			defaultConfigurationName = Release;
		};
		7F8665901DCD2E4400702AF6 /* Build configuration list for PBXNativeTarget "SkynetReceiptPrototypeUITests" */ = {
			isa = XCConfigurationList;
			buildConfigurations = (
				7F8665911DCD2E4400702AF6 /* Debug */,
				7F8665921DCD2E4400702AF6 /* Release */,
			);
			defaultConfigurationIsVisible = 0;
			defaultConfigurationName = Release;
		};
/* End XCConfigurationList section */
	};
	rootObject = 7F86655A1DCD2E4400702AF6 /* Project object */;
}
